
Microsoft Visual Studio Solution File, Format Version 12.00
# Visual Studio Version 17
VisualStudioVersion = 17.3.32505.426
MinimumVisualStudioVersion = 10.0.40219.1
Project("{9A19103F-16F7-4668-BE54-9A1E7A4F7556}") = "AdvancedSharpAdbClient", "AdvancedSharpAdbClient\AdvancedSharpAdbClient.csproj", "{65473257-E70F-410B-9269-D0C0F771EA87}"
EndProject
Project("{9A19103F-16F7-4668-BE54-9A1E7A4F7556}") = "AdvancedSharpAdbClient.Tests", "AdvancedSharpAdbClient.Tests\AdvancedSharpAdbClient.Tests.csproj", "{F1B44867-B64E-4813-8F13-0B0918AEC202}"
EndProject
Global
	GlobalSection(SolutionConfigurationPlatforms) = preSolution
		Debug|Any CPU = Debug|Any CPU
		Debug|ARM = Debug|ARM
		Debug|ARM64 = Debug|ARM64
		Debug|x64 = Debug|x64
		Debug|x86 = Debug|x86
		Release|Any CPU = Release|Any CPU
		Release|ARM = Release|ARM
		Release|ARM64 = Release|ARM64
		Release|x64 = Release|x64
		Release|x86 = Release|x86
	EndGlobalSection
	GlobalSection(ProjectConfigurationPlatforms) = postSolution
		{65473257-E70F-410B-9269-D0C0F771EA87}.Debug|Any CPU.ActiveCfg = Debug|Any CPU
		{65473257-E70F-410B-9269-D0C0F771EA87}.Debug|Any CPU.Build.0 = Debug|Any CPU
		{65473257-E70F-410B-9269-D0C0F771EA87}.Debug|ARM.ActiveCfg = Debug|Any CPU
		{65473257-E70F-410B-9269-D0C0F771EA87}.Debug|ARM.Build.0 = Debug|Any CPU
		{65473257-E70F-410B-9269-D0C0F771EA87}.Debug|ARM64.ActiveCfg = Debug|Any CPU
		{65473257-E70F-410B-9269-D0C0F771EA87}.Debug|ARM64.Build.0 = Debug|Any CPU
		{65473257-E70F-410B-9269-D0C0F771EA87}.Debug|x64.ActiveCfg = Debug|Any CPU
		{65473257-E70F-410B-9269-D0C0F771EA87}.Debug|x64.Build.0 = Debug|Any CPU
		{65473257-E70F-410B-9269-D0C0F771EA87}.Debug|x86.ActiveCfg = Debug|Any CPU
		{65473257-E70F-410B-9269-D0C0F771EA87}.Debug|x86.Build.0 = Debug|Any CPU
		{65473257-E70F-410B-9269-D0C0F771EA87}.Release|Any CPU.ActiveCfg = Release|Any CPU
		{65473257-E70F-410B-9269-D0C0F771EA87}.Release|Any CPU.Build.0 = Release|Any CPU
		{65473257-E70F-410B-9269-D0C0F771EA87}.Release|ARM.ActiveCfg = Release|Any CPU
		{65473257-E70F-410B-9269-D0C0F771EA87}.Release|ARM.Build.0 = Release|Any CPU
		{65473257-E70F-410B-9269-D0C0F771EA87}.Release|ARM64.ActiveCfg = Release|Any CPU
		{65473257-E70F-410B-9269-D0C0F771EA87}.Release|ARM64.Build.0 = Release|Any CPU
		{65473257-E70F-410B-9269-D0C0F771EA87}.Release|x64.ActiveCfg = Release|Any CPU
		{65473257-E70F-410B-9269-D0C0F771EA87}.Release|x64.Build.0 = Release|Any CPU
		{65473257-E70F-410B-9269-D0C0F771EA87}.Release|x86.ActiveCfg = Release|Any CPU
		{65473257-E70F-410B-9269-D0C0F771EA87}.Release|x86.Build.0 = Release|Any CPU
		{F1B44867-B64E-4813-8F13-0B0918AEC202}.Debug|Any CPU.ActiveCfg = Debug|Any CPU
		{F1B44867-B64E-4813-8F13-0B0918AEC202}.Debug|Any CPU.Build.0 = Debug|Any CPU
		{F1B44867-B64E-4813-8F13-0B0918AEC202}.Debug|ARM.ActiveCfg = Debug|Any CPU
		{F1B44867-B64E-4813-8F13-0B0918AEC202}.Debug|ARM.Build.0 = Debug|Any CPU
		{F1B44867-B64E-4813-8F13-0B0918AEC202}.Debug|ARM64.ActiveCfg = Debug|Any CPU
		{F1B44867-B64E-4813-8F13-0B0918AEC202}.Debug|ARM64.Build.0 = Debug|Any CPU
		{F1B44867-B64E-4813-8F13-0B0918AEC202}.Debug|x64.ActiveCfg = Debug|Any CPU
		{F1B44867-B64E-4813-8F13-0B0918AEC202}.Debug|x64.Build.0 = Debug|Any CPU
		{F1B44867-B64E-4813-8F13-0B0918AEC202}.Debug|x86.ActiveCfg = Debug|Any CPU
		{F1B44867-B64E-4813-8F13-0B0918AEC202}.Debug|x86.Build.0 = Debug|Any CPU
		{F1B44867-B64E-4813-8F13-0B0918AEC202}.Release|Any CPU.ActiveCfg = Release|Any CPU
		{F1B44867-B64E-4813-8F13-0B0918AEC202}.Release|Any CPU.Build.0 = Release|Any CPU
		{F1B44867-B64E-4813-8F13-0B0918AEC202}.Release|ARM.ActiveCfg = Release|Any CPU
		{F1B44867-B64E-4813-8F13-0B0918AEC202}.Release|ARM.Build.0 = Release|Any CPU
		{F1B44867-B64E-4813-8F13-0B0918AEC202}.Release|ARM64.ActiveCfg = Release|Any CPU
		{F1B44867-B64E-4813-8F13-0B0918AEC202}.Release|ARM64.Build.0 = Release|Any CPU
		{F1B44867-B64E-4813-8F13-0B0918AEC202}.Release|x64.ActiveCfg = Release|Any CPU
		{F1B44867-B64E-4813-8F13-0B0918AEC202}.Release|x64.Build.0 = Release|Any CPU
		{F1B44867-B64E-4813-8F13-0B0918AEC202}.Release|x86.ActiveCfg = Release|Any CPU
		{F1B44867-B64E-4813-8F13-0B0918AEC202}.Release|x86.Build.0 = Release|Any CPU
	EndGlobalSection
	GlobalSection(SolutionProperties) = preSolution
		HideSolutionNode = FALSE
	EndGlobalSection
	GlobalSection(ExtensibilityGlobals) = postSolution
		SolutionGuid = {0ACB9022-5726-46AD-868D-C43F8A25BD23}
	EndGlobalSection
EndGlobal
