
Microsoft Visual Studio Solution File, Format Version 12.00
# Visual Studio Version 17
VisualStudioVersion = 17.3.32505.426
MinimumVisualStudioVersion = 10.0.40219.1
Project("{FAE04EC0-301F-11D3-BF4B-00C04F79EFBC}") = "AdvancedSharpAdbClient.SampleApp", "AdvancedSharpAdbClient.SampleApp\AdvancedSharpAdbClient.SampleApp.csproj", "{0374E6C7-B7BD-4327-B8DB-94DB3CEF350B}"
EndProject
Global
	GlobalSection(SolutionConfigurationPlatforms) = preSolution
		Debug|ARM = Debug|ARM
		Debug|ARM64 = Debug|ARM64
		Debug|x64 = Debug|x64
		Debug|x86 = Debug|x86
		Release|ARM = Release|ARM
		Release|ARM64 = Release|ARM64
		Release|x64 = Release|x64
		Release|x86 = Release|x86
	EndGlobalSection
	GlobalSection(ProjectConfigurationPlatforms) = postSolution
		{0374E6C7-B7BD-4327-B8DB-94DB3CEF350B}.Debug|ARM.ActiveCfg = Debug|ARM
		{0374E6C7-B7BD-4327-B8DB-94DB3CEF350B}.Debug|ARM.Build.0 = Debug|ARM
		{0374E6C7-B7BD-4327-B8DB-94DB3CEF350B}.Debug|ARM.Deploy.0 = Debug|ARM
		{0374E6C7-B7BD-4327-B8DB-94DB3CEF350B}.Debug|ARM64.ActiveCfg = Debug|ARM64
		{0374E6C7-B7BD-4327-B8DB-94DB3CEF350B}.Debug|ARM64.Build.0 = Debug|ARM64
		{0374E6C7-B7BD-4327-B8DB-94DB3CEF350B}.Debug|ARM64.Deploy.0 = Debug|ARM64
		{0374E6C7-B7BD-4327-B8DB-94DB3CEF350B}.Debug|x64.ActiveCfg = Debug|x64
		{0374E6C7-B7BD-4327-B8DB-94DB3CEF350B}.Debug|x64.Build.0 = Debug|x64
		{0374E6C7-B7BD-4327-B8DB-94DB3CEF350B}.Debug|x64.Deploy.0 = Debug|x64
		{0374E6C7-B7BD-4327-B8DB-94DB3CEF350B}.Debug|x86.ActiveCfg = Debug|x86
		{0374E6C7-B7BD-4327-B8DB-94DB3CEF350B}.Debug|x86.Build.0 = Debug|x86
		{0374E6C7-B7BD-4327-B8DB-94DB3CEF350B}.Debug|x86.Deploy.0 = Debug|x86
		{0374E6C7-B7BD-4327-B8DB-94DB3CEF350B}.Release|ARM.ActiveCfg = Release|ARM
		{0374E6C7-B7BD-4327-B8DB-94DB3CEF350B}.Release|ARM.Build.0 = Release|ARM
		{0374E6C7-B7BD-4327-B8DB-94DB3CEF350B}.Release|ARM.Deploy.0 = Release|ARM
		{0374E6C7-B7BD-4327-B8DB-94DB3CEF350B}.Release|ARM64.ActiveCfg = Release|ARM64
		{0374E6C7-B7BD-4327-B8DB-94DB3CEF350B}.Release|ARM64.Build.0 = Release|ARM64
		{0374E6C7-B7BD-4327-B8DB-94DB3CEF350B}.Release|ARM64.Deploy.0 = Release|ARM64
		{0374E6C7-B7BD-4327-B8DB-94DB3CEF350B}.Release|x64.ActiveCfg = Release|x64
		{0374E6C7-B7BD-4327-B8DB-94DB3CEF350B}.Release|x64.Build.0 = Release|x64
		{0374E6C7-B7BD-4327-B8DB-94DB3CEF350B}.Release|x64.Deploy.0 = Release|x64
		{0374E6C7-B7BD-4327-B8DB-94DB3CEF350B}.Release|x86.ActiveCfg = Release|x86
		{0374E6C7-B7BD-4327-B8DB-94DB3CEF350B}.Release|x86.Build.0 = Release|x86
		{0374E6C7-B7BD-4327-B8DB-94DB3CEF350B}.Release|x86.Deploy.0 = Release|x86
	EndGlobalSection
	GlobalSection(SolutionProperties) = preSolution
		HideSolutionNode = FALSE
	EndGlobalSection
	GlobalSection(ExtensibilityGlobals) = postSolution
		SolutionGuid = {0ACB9022-5726-46AD-868D-C43F8A25BD23}
	EndGlobalSection
EndGlobal
